// !$*UTF8*$!
{
	archiveVersion = 1;
	classes = {
	};
	objectVersion = 46;
	objects = {

/* Begin PBXBuildFile section */
		324B28551C3E4E5B00F51149 /* main.m in Sources */ = {isa = PBXBuildFile; fileRef = 324B28541C3E4E5B00F51149 /* main.m */; };
		324B28581C3E4E5B00F51149 /* AppDelegate.m in Sources */ = {isa = PBXBuildFile; fileRef = 324B28571C3E4E5B00F51149 /* AppDelegate.m */; };
		324B285B1C3E4E5B00F51149 /* ViewController.m in Sources */ = {isa = PBXBuildFile; fileRef = 324B285A1C3E4E5B00F51149 /* ViewController.m */; };
		324B285E1C3E4E5B00F51149 /* Main.storyboard in Resources */ = {isa = PBXBuildFile; fileRef = 324B285C1C3E4E5B00F51149 /* Main.storyboard */; };
		324B28601C3E4E5B00F51149 /* Assets.xcassets in Resources */ = {isa = PBXBuildFile; fileRef = 324B285F1C3E4E5B00F51149 /* Assets.xcassets */; };
		324B28631C3E4E5B00F51149 /* LaunchScreen.storyboard in Resources */ = {isa = PBXBuildFile; fileRef = 324B28611C3E4E5B00F51149 /* LaunchScreen.storyboard */; };
		324B286E1C3E4E5B00F51149 /* iOS_Helper_ClassesTests.m in Sources */ = {isa = PBXBuildFile; fileRef = 324B286D1C3E4E5B00F51149 /* iOS_Helper_ClassesTests.m */; };
		324B287B1C3E510200F51149 /* NSString+Helper.m in Sources */ = {isa = PBXBuildFile; fileRef = 324B287A1C3E510200F51149 /* NSString+Helper.m */; };
		324B287C1C3E510200F51149 /* NSString+Helper.m in Sources */ = {isa = PBXBuildFile; fileRef = 324B287A1C3E510200F51149 /* NSString+Helper.m */; };
		324B287F1C3E674500F51149 /* NSData+Base64.m in Sources */ = {isa = PBXBuildFile; fileRef = 324B287E1C3E674500F51149 /* NSData+Base64.m */; };
		324B28801C3E674500F51149 /* NSData+Base64.m in Sources */ = {isa = PBXBuildFile; fileRef = 324B287E1C3E674500F51149 /* NSData+Base64.m */; };
		8C0E68691D1CFE7200168B16 /* NSDictionary+BVJSONString.m in Sources */ = {isa = PBXBuildFile; fileRef = 8C0E68681D1CFE7200168B16 /* NSDictionary+BVJSONString.m */; };
		8C0E686B1D1D025D00168B16 /* ValidationMessages.json in Resources */ = {isa = PBXBuildFile; fileRef = 8C0E686A1D1D025D00168B16 /* ValidationMessages.json */; };
		8C0E686C1D1D039300168B16 /* NSDictionary+BVJSONString.h in CopyFiles */ = {isa = PBXBuildFile; fileRef = 8C0E68671D1CFE7200168B16 /* NSDictionary+BVJSONString.h */; };
		8C0E686D1D1D039C00168B16 /* NSDictionary+BVJSONString.m in Sources */ = {isa = PBXBuildFile; fileRef = 8C0E68681D1CFE7200168B16 /* NSDictionary+BVJSONString.m */; };
		8C396BC81CFD8F800096F3E3 /* IAPManager.m in Sources */ = {isa = PBXBuildFile; fileRef = 8C396BC71CFD8F800096F3E3 /* IAPManager.m */; };
		8C396BCB1CFD8F8F0096F3E3 /* LocationManager.m in Sources */ = {isa = PBXBuildFile; fileRef = 8C396BCA1CFD8F8F0096F3E3 /* LocationManager.m */; };
		8C396BCE1CFD8F9E0096F3E3 /* ValidationManager.m in Sources */ = {isa = PBXBuildFile; fileRef = 8C396BCD1CFD8F9E0096F3E3 /* ValidationManager.m */; };
		8C396BD21CFD92CC0096F3E3 /* ApplicationManager.m in Sources */ = {isa = PBXBuildFile; fileRef = 8C396BD11CFD92CC0096F3E3 /* ApplicationManager.m */; };
		8C396BD61CFD9A8B0096F3E3 /* ActivityViewController.m in Sources */ = {isa = PBXBuildFile; fileRef = 8C396BD51CFD9A8B0096F3E3 /* ActivityViewController.m */; };
		8C5FE5101D005DB000A29F8A /* NSArray+Helper.m in Sources */ = {isa = PBXBuildFile; fileRef = 8C5FE50F1D005DB000A29F8A /* NSArray+Helper.m */; };
		8C5FE5131D005DB800A29F8A /* NSDate+Helper.m in Sources */ = {isa = PBXBuildFile; fileRef = 8C5FE5121D005DB800A29F8A /* NSDate+Helper.m */; };
		8C5FE5161D005DBD00A29F8A /* NSMutableDictionary+Helper.m in Sources */ = {isa = PBXBuildFile; fileRef = 8C5FE5151D005DBD00A29F8A /* NSMutableDictionary+Helper.m */; };
		8C79630E1D1152B500C20A0D /* FilesManager.m in Sources */ = {isa = PBXBuildFile; fileRef = 8C79630D1D1152B500C20A0D /* FilesManager.m */; };
		8C79630F1D1155AC00C20A0D /* FilesManager.h in CopyFiles */ = {isa = PBXBuildFile; fileRef = 8C79630C1D1152B500C20A0D /* FilesManager.h */; };
		8C7963101D1155B100C20A0D /* FilesManager.m in Sources */ = {isa = PBXBuildFile; fileRef = 8C79630D1D1152B500C20A0D /* FilesManager.m */; };
		8C7CADCB1D1003DC002E5805 /* ValidationMessages.plist in Resources */ = {isa = PBXBuildFile; fileRef = 8C7CADCA1D1003DC002E5805 /* ValidationMessages.plist */; };
		8C7CADCC1D1040EF002E5805 /* ApplicationManager.h in CopyFiles */ = {isa = PBXBuildFile; fileRef = 8C396BD01CFD92CC0096F3E3 /* ApplicationManager.h */; };
		8C7CADCD1D1040F4002E5805 /* ApplicationManager.m in Sources */ = {isa = PBXBuildFile; fileRef = 8C396BD11CFD92CC0096F3E3 /* ApplicationManager.m */; };
		8C7CADDC1D1043B3002E5805 /* iOSHelperClass.h in CopyFiles */ = {isa = PBXBuildFile; fileRef = 8C7CADDB1D104383002E5805 /* iOSHelperClass.h */; };
		8CFB98351D01676F003D7B67 /* NSData+Base64.m in Sources */ = {isa = PBXBuildFile; fileRef = 324B287E1C3E674500F51149 /* NSData+Base64.m */; };
		8CFB98361D01676F003D7B67 /* NSString+Helper.m in Sources */ = {isa = PBXBuildFile; fileRef = 324B287A1C3E510200F51149 /* NSString+Helper.m */; };
		8CFB98371D016775003D7B67 /* NSData+Base64.h in CopyFiles */ = {isa = PBXBuildFile; fileRef = 324B287D1C3E674500F51149 /* NSData+Base64.h */; };
		8CFB98381D016775003D7B67 /* NSString+Helper.h in CopyFiles */ = {isa = PBXBuildFile; fileRef = 324B28791C3E510200F51149 /* NSString+Helper.h */; };
		8CFB98391D016797003D7B67 /* NSArray+Helper.m in Sources */ = {isa = PBXBuildFile; fileRef = 8C5FE50F1D005DB000A29F8A /* NSArray+Helper.m */; };
		8CFB983A1D01679D003D7B67 /* NSArray+Helper.h in CopyFiles */ = {isa = PBXBuildFile; fileRef = 8C5FE50E1D005DB000A29F8A /* NSArray+Helper.h */; };
		8CFB983B1D0167B2003D7B67 /* NSDate+Helper.m in Sources */ = {isa = PBXBuildFile; fileRef = 8C5FE5121D005DB800A29F8A /* NSDate+Helper.m */; };
		8CFB983C1D0167B8003D7B67 /* NSDate+Helper.h in CopyFiles */ = {isa = PBXBuildFile; fileRef = 8C5FE5111D005DB800A29F8A /* NSDate+Helper.h */; };
		8CFB983D1D016850003D7B67 /* NSMutableDictionary+Helper.m in Sources */ = {isa = PBXBuildFile; fileRef = 8C5FE5151D005DBD00A29F8A /* NSMutableDictionary+Helper.m */; };
		8CFB983E1D016857003D7B67 /* NSMutableDictionary+Helper.h in CopyFiles */ = {isa = PBXBuildFile; fileRef = 8C5FE5141D005DBD00A29F8A /* NSMutableDictionary+Helper.h */; };
		8CFB98411D0168E6003D7B67 /* IAPManager.m in Sources */ = {isa = PBXBuildFile; fileRef = 8C396BC71CFD8F800096F3E3 /* IAPManager.m */; };
		8CFB98421D0168EA003D7B67 /* IAPManager.h in CopyFiles */ = {isa = PBXBuildFile; fileRef = 8C396BC61CFD8F800096F3E3 /* IAPManager.h */; };
		8CFB98431D016C59003D7B67 /* LocationManager.m in Sources */ = {isa = PBXBuildFile; fileRef = 8C396BCA1CFD8F8F0096F3E3 /* LocationManager.m */; };
		8CFB98441D016C5E003D7B67 /* LocationManager.h in CopyFiles */ = {isa = PBXBuildFile; fileRef = 8C396BC91CFD8F8F0096F3E3 /* LocationManager.h */; };
		8CFB98451D016C86003D7B67 /* ValidationManager.m in Sources */ = {isa = PBXBuildFile; fileRef = 8C396BCD1CFD8F9E0096F3E3 /* ValidationManager.m */; };
		8CFB98461D016C8C003D7B67 /* ValidationManager.h in CopyFiles */ = {isa = PBXBuildFile; fileRef = 8C396BCC1CFD8F9E0096F3E3 /* ValidationManager.h */; };
/* End PBXBuildFile section */

/* Begin PBXContainerItemProxy section */
		324B286A1C3E4E5B00F51149 /* PBXContainerItemProxy */ = {
			isa = PBXContainerItemProxy;
			containerPortal = 324B28481C3E4E5B00F51149 /* Project object */;
			proxyType = 1;
			remoteGlobalIDString = 324B284F1C3E4E5B00F51149;
			remoteInfo = "iOS Helper Classes";
		};
/* End PBXContainerItemProxy section */

/* Begin PBXCopyFilesBuildPhase section */
		8CFB97EA1D01446A003D7B67 /* CopyFiles */ = {
			isa = PBXCopyFilesBuildPhase;
			buildActionMask = 2147483647;
			dstPath = "include/$(PRODUCT_NAME)";
			dstSubfolderSpec = 16;
			files = (
				8C0E686C1D1D039300168B16 /* NSDictionary+BVJSONString.h in CopyFiles */,
				8C79630F1D1155AC00C20A0D /* FilesManager.h in CopyFiles */,
				8C7CADDC1D1043B3002E5805 /* iOSHelperClass.h in CopyFiles */,
				8C7CADCC1D1040EF002E5805 /* ApplicationManager.h in CopyFiles */,
				8CFB98461D016C8C003D7B67 /* ValidationManager.h in CopyFiles */,
				8CFB98441D016C5E003D7B67 /* LocationManager.h in CopyFiles */,
				8CFB98421D0168EA003D7B67 /* IAPManager.h in CopyFiles */,
				8CFB983E1D016857003D7B67 /* NSMutableDictionary+Helper.h in CopyFiles */,
				8CFB983C1D0167B8003D7B67 /* NSDate+Helper.h in CopyFiles */,
				8CFB983A1D01679D003D7B67 /* NSArray+Helper.h in CopyFiles */,
				8CFB98371D016775003D7B67 /* NSData+Base64.h in CopyFiles */,
				8CFB98381D016775003D7B67 /* NSString+Helper.h in CopyFiles */,
			);
			runOnlyForDeploymentPostprocessing = 0;
		};
/* End PBXCopyFilesBuildPhase section */

/* Begin PBXFileReference section */
		324B28501C3E4E5B00F51149 /* iOS Helper Classes.app */ = {isa = PBXFileReference; explicitFileType = wrapper.application; includeInIndex = 0; path = "iOS Helper Classes.app"; sourceTree = BUILT_PRODUCTS_DIR; };
		324B28541C3E4E5B00F51149 /* main.m */ = {isa = PBXFileReference; lastKnownFileType = sourcecode.c.objc; path = main.m; sourceTree = "<group>"; };
		324B28561C3E4E5B00F51149 /* AppDelegate.h */ = {isa = PBXFileReference; lastKnownFileType = sourcecode.c.h; path = AppDelegate.h; sourceTree = "<group>"; };
		324B28571C3E4E5B00F51149 /* AppDelegate.m */ = {isa = PBXFileReference; lastKnownFileType = sourcecode.c.objc; path = AppDelegate.m; sourceTree = "<group>"; };
		324B28591C3E4E5B00F51149 /* ViewController.h */ = {isa = PBXFileReference; lastKnownFileType = sourcecode.c.h; path = ViewController.h; sourceTree = "<group>"; };
		324B285A1C3E4E5B00F51149 /* ViewController.m */ = {isa = PBXFileReference; lastKnownFileType = sourcecode.c.objc; path = ViewController.m; sourceTree = "<group>"; };
		324B285D1C3E4E5B00F51149 /* Base */ = {isa = PBXFileReference; lastKnownFileType = file.storyboard; name = Base; path = Base.lproj/Main.storyboard; sourceTree = "<group>"; };
		324B285F1C3E4E5B00F51149 /* Assets.xcassets */ = {isa = PBXFileReference; lastKnownFileType = folder.assetcatalog; path = Assets.xcassets; sourceTree = "<group>"; };
		324B28621C3E4E5B00F51149 /* Base */ = {isa = PBXFileReference; lastKnownFileType = file.storyboard; name = Base; path = Base.lproj/LaunchScreen.storyboard; sourceTree = "<group>"; };
		324B28641C3E4E5B00F51149 /* Info.plist */ = {isa = PBXFileReference; lastKnownFileType = text.plist.xml; path = Info.plist; sourceTree = "<group>"; };
		324B28691C3E4E5B00F51149 /* iOS Helper ClassesTests.xctest */ = {isa = PBXFileReference; explicitFileType = wrapper.cfbundle; includeInIndex = 0; path = "iOS Helper ClassesTests.xctest"; sourceTree = BUILT_PRODUCTS_DIR; };
		324B286D1C3E4E5B00F51149 /* iOS_Helper_ClassesTests.m */ = {isa = PBXFileReference; lastKnownFileType = sourcecode.c.objc; path = iOS_Helper_ClassesTests.m; sourceTree = "<group>"; };
		324B286F1C3E4E5B00F51149 /* Info.plist */ = {isa = PBXFileReference; lastKnownFileType = text.plist.xml; path = Info.plist; sourceTree = "<group>"; };
		324B28791C3E510200F51149 /* NSString+Helper.h */ = {isa = PBXFileReference; fileEncoding = 4; lastKnownFileType = sourcecode.c.h; path = "NSString+Helper.h"; sourceTree = "<group>"; };
		324B287A1C3E510200F51149 /* NSString+Helper.m */ = {isa = PBXFileReference; fileEncoding = 4; lastKnownFileType = sourcecode.c.objc; path = "NSString+Helper.m"; sourceTree = "<group>"; };
		324B287D1C3E674500F51149 /* NSData+Base64.h */ = {isa = PBXFileReference; fileEncoding = 4; lastKnownFileType = sourcecode.c.h; path = "NSData+Base64.h"; sourceTree = "<group>"; };
		324B287E1C3E674500F51149 /* NSData+Base64.m */ = {isa = PBXFileReference; fileEncoding = 4; lastKnownFileType = sourcecode.c.objc; path = "NSData+Base64.m"; sourceTree = "<group>"; };
		8C0E68671D1CFE7200168B16 /* NSDictionary+BVJSONString.h */ = {isa = PBXFileReference; fileEncoding = 4; lastKnownFileType = sourcecode.c.h; path = "NSDictionary+BVJSONString.h"; sourceTree = "<group>"; };
		8C0E68681D1CFE7200168B16 /* NSDictionary+BVJSONString.m */ = {isa = PBXFileReference; fileEncoding = 4; lastKnownFileType = sourcecode.c.objc; path = "NSDictionary+BVJSONString.m"; sourceTree = "<group>"; };
		8C0E686A1D1D025D00168B16 /* ValidationMessages.json */ = {isa = PBXFileReference; fileEncoding = 4; lastKnownFileType = text.json; path = ValidationMessages.json; sourceTree = "<group>"; };
		8C396BC61CFD8F800096F3E3 /* IAPManager.h */ = {isa = PBXFileReference; fileEncoding = 4; lastKnownFileType = sourcecode.c.h; path = IAPManager.h; sourceTree = "<group>"; };
		8C396BC71CFD8F800096F3E3 /* IAPManager.m */ = {isa = PBXFileReference; fileEncoding = 4; lastKnownFileType = sourcecode.c.objc; path = IAPManager.m; sourceTree = "<group>"; };
		8C396BC91CFD8F8F0096F3E3 /* LocationManager.h */ = {isa = PBXFileReference; fileEncoding = 4; lastKnownFileType = sourcecode.c.h; path = LocationManager.h; sourceTree = "<group>"; };
		8C396BCA1CFD8F8F0096F3E3 /* LocationManager.m */ = {isa = PBXFileReference; fileEncoding = 4; lastKnownFileType = sourcecode.c.objc; path = LocationManager.m; sourceTree = "<group>"; };
		8C396BCC1CFD8F9E0096F3E3 /* ValidationManager.h */ = {isa = PBXFileReference; fileEncoding = 4; lastKnownFileType = sourcecode.c.h; path = ValidationManager.h; sourceTree = "<group>"; };
		8C396BCD1CFD8F9E0096F3E3 /* ValidationManager.m */ = {isa = PBXFileReference; fileEncoding = 4; lastKnownFileType = sourcecode.c.objc; path = ValidationManager.m; sourceTree = "<group>"; };
		8C396BD01CFD92CC0096F3E3 /* ApplicationManager.h */ = {isa = PBXFileReference; fileEncoding = 4; lastKnownFileType = sourcecode.c.h; path = ApplicationManager.h; sourceTree = "<group>"; };
		8C396BD11CFD92CC0096F3E3 /* ApplicationManager.m */ = {isa = PBXFileReference; fileEncoding = 4; lastKnownFileType = sourcecode.c.objc; path = ApplicationManager.m; sourceTree = "<group>"; };
		8C396BD31CFD95C20096F3E3 /* iOS-Helper-Classes.pch */ = {isa = PBXFileReference; lastKnownFileType = sourcecode.c.h; path = "iOS-Helper-Classes.pch"; sourceTree = "<group>"; };
		8C396BD41CFD9A8B0096F3E3 /* ActivityViewController.h */ = {isa = PBXFileReference; fileEncoding = 4; lastKnownFileType = sourcecode.c.h; path = ActivityViewController.h; sourceTree = "<group>"; };
		8C396BD51CFD9A8B0096F3E3 /* ActivityViewController.m */ = {isa = PBXFileReference; fileEncoding = 4; lastKnownFileType = sourcecode.c.objc; path = ActivityViewController.m; sourceTree = "<group>"; };
		8C396BD71CFD9B550096F3E3 /* Constant.h */ = {isa = PBXFileReference; lastKnownFileType = sourcecode.c.h; path = Constant.h; sourceTree = "<group>"; };
		8C5FE50E1D005DB000A29F8A /* NSArray+Helper.h */ = {isa = PBXFileReference; fileEncoding = 4; lastKnownFileType = sourcecode.c.h; path = "NSArray+Helper.h"; sourceTree = "<group>"; };
		8C5FE50F1D005DB000A29F8A /* NSArray+Helper.m */ = {isa = PBXFileReference; fileEncoding = 4; lastKnownFileType = sourcecode.c.objc; path = "NSArray+Helper.m"; sourceTree = "<group>"; };
		8C5FE5111D005DB800A29F8A /* NSDate+Helper.h */ = {isa = PBXFileReference; fileEncoding = 4; lastKnownFileType = sourcecode.c.h; path = "NSDate+Helper.h"; sourceTree = "<group>"; };
		8C5FE5121D005DB800A29F8A /* NSDate+Helper.m */ = {isa = PBXFileReference; fileEncoding = 4; lastKnownFileType = sourcecode.c.objc; path = "NSDate+Helper.m"; sourceTree = "<group>"; };
		8C5FE5141D005DBD00A29F8A /* NSMutableDictionary+Helper.h */ = {isa = PBXFileReference; fileEncoding = 4; lastKnownFileType = sourcecode.c.h; path = "NSMutableDictionary+Helper.h"; sourceTree = "<group>"; };
		8C5FE5151D005DBD00A29F8A /* NSMutableDictionary+Helper.m */ = {isa = PBXFileReference; fileEncoding = 4; lastKnownFileType = sourcecode.c.objc; path = "NSMutableDictionary+Helper.m"; sourceTree = "<group>"; };
		8C79630C1D1152B500C20A0D /* FilesManager.h */ = {isa = PBXFileReference; fileEncoding = 4; lastKnownFileType = sourcecode.c.h; path = FilesManager.h; sourceTree = "<group>"; };
		8C79630D1D1152B500C20A0D /* FilesManager.m */ = {isa = PBXFileReference; fileEncoding = 4; lastKnownFileType = sourcecode.c.objc; path = FilesManager.m; sourceTree = "<group>"; };
		8C7CADCA1D1003DC002E5805 /* ValidationMessages.plist */ = {isa = PBXFileReference; fileEncoding = 4; lastKnownFileType = text.plist.xml; path = ValidationMessages.plist; sourceTree = "<group>"; };
		8C7CADDB1D104383002E5805 /* iOSHelperClass.h */ = {isa = PBXFileReference; lastKnownFileType = sourcecode.c.h; path = iOSHelperClass.h; sourceTree = "<group>"; };
		8CFB97EC1D01446A003D7B67 /* libiOSHelperClasses.a */ = {isa = PBXFileReference; explicitFileType = archive.ar; includeInIndex = 0; path = libiOSHelperClasses.a; sourceTree = BUILT_PRODUCTS_DIR; };
		8CFB98141D0147E1003D7B67 /* UIKit.framework */ = {isa = PBXFileReference; lastKnownFileType = wrapper.framework; name = UIKit.framework; path = System/Library/Frameworks/UIKit.framework; sourceTree = SDKROOT; };
/* End PBXFileReference section */

/* Begin PBXFrameworksBuildPhase section */
		324B284D1C3E4E5B00F51149 /* Frameworks */ = {
			isa = PBXFrameworksBuildPhase;
			buildActionMask = 2147483647;
			files = (
			);
			runOnlyForDeploymentPostprocessing = 0;
		};
		324B28661C3E4E5B00F51149 /* Frameworks */ = {
			isa = PBXFrameworksBuildPhase;
			buildActionMask = 2147483647;
			files = (
			);
			runOnlyForDeploymentPostprocessing = 0;
		};
		8CFB97E91D01446A003D7B67 /* Frameworks */ = {
			isa = PBXFrameworksBuildPhase;
			buildActionMask = 2147483647;
			files = (
			);
			runOnlyForDeploymentPostprocessing = 0;
		};
/* End PBXFrameworksBuildPhase section */

/* Begin PBXGroup section */
		324B28471C3E4E5B00F51149 = {
			isa = PBXGroup;
			children = (
				8CFB98141D0147E1003D7B67 /* UIKit.framework */,
				324B28521C3E4E5B00F51149 /* iOS Helper Classes */,
				324B286C1C3E4E5B00F51149 /* iOS Helper ClassesTests */,
				324B28511C3E4E5B00F51149 /* Products */,
			);
			sourceTree = "<group>";
		};
		324B28511C3E4E5B00F51149 /* Products */ = {
			isa = PBXGroup;
			children = (
				324B28501C3E4E5B00F51149 /* iOS Helper Classes.app */,
				324B28691C3E4E5B00F51149 /* iOS Helper ClassesTests.xctest */,
				8CFB97EC1D01446A003D7B67 /* libiOSHelperClasses.a */,
			);
			name = Products;
			sourceTree = "<group>";
		};
		324B28521C3E4E5B00F51149 /* iOS Helper Classes */ = {
			isa = PBXGroup;
			children = (
				8C396BC21CFD8F2F0096F3E3 /* Manager */,
				324B28781C3E4EB400F51149 /* Helper Classes */,
				324B28561C3E4E5B00F51149 /* AppDelegate.h */,
				324B28571C3E4E5B00F51149 /* AppDelegate.m */,
				324B28591C3E4E5B00F51149 /* ViewController.h */,
				324B285A1C3E4E5B00F51149 /* ViewController.m */,
				324B285C1C3E4E5B00F51149 /* Main.storyboard */,
				324B285F1C3E4E5B00F51149 /* Assets.xcassets */,
				324B28611C3E4E5B00F51149 /* LaunchScreen.storyboard */,
				324B28641C3E4E5B00F51149 /* Info.plist */,
				324B28531C3E4E5B00F51149 /* Supporting Files */,
				8C7CADCA1D1003DC002E5805 /* ValidationMessages.plist */,
				8C0E686A1D1D025D00168B16 /* ValidationMessages.json */,
			);
			path = "iOS Helper Classes";
			sourceTree = "<group>";
		};
		324B28531C3E4E5B00F51149 /* Supporting Files */ = {
			isa = PBXGroup;
			children = (
				324B28541C3E4E5B00F51149 /* main.m */,
				8C396BD31CFD95C20096F3E3 /* iOS-Helper-Classes.pch */,
				8C7CADDB1D104383002E5805 /* iOSHelperClass.h */,
			);
			name = "Supporting Files";
			sourceTree = "<group>";
		};
		324B286C1C3E4E5B00F51149 /* iOS Helper ClassesTests */ = {
			isa = PBXGroup;
			children = (
				324B286D1C3E4E5B00F51149 /* iOS_Helper_ClassesTests.m */,
				324B286F1C3E4E5B00F51149 /* Info.plist */,
			);
			path = "iOS Helper ClassesTests";
			sourceTree = "<group>";
		};
		324B28781C3E4EB400F51149 /* Helper Classes */ = {
			isa = PBXGroup;
			children = (
				8C0E68631D1CFE1000168B16 /* NSDictionary+Category */,
				8C5FE50B1D005D7A00A29F8A /* NSArray Helper */,
				8C5FE50C1D005D7A00A29F8A /* NSDate Helper */,
				8C5FE50D1D005D7A00A29F8A /* NSMutableDictionary Helper */,
				324B287D1C3E674500F51149 /* NSData+Base64.h */,
				324B287E1C3E674500F51149 /* NSData+Base64.m */,
				324B28791C3E510200F51149 /* NSString+Helper.h */,
				324B287A1C3E510200F51149 /* NSString+Helper.m */,
				8C396BD41CFD9A8B0096F3E3 /* ActivityViewController.h */,
				8C396BD51CFD9A8B0096F3E3 /* ActivityViewController.m */,
				8C396BD71CFD9B550096F3E3 /* Constant.h */,
			);
			path = "Helper Classes";
			sourceTree = "<group>";
		};
		8C0E68631D1CFE1000168B16 /* NSDictionary+Category */ = {
			isa = PBXGroup;
			children = (
				8C0E68671D1CFE7200168B16 /* NSDictionary+BVJSONString.h */,
				8C0E68681D1CFE7200168B16 /* NSDictionary+BVJSONString.m */,
			);
			path = "NSDictionary+Category";
			sourceTree = "<group>";
		};
		8C396BC21CFD8F2F0096F3E3 /* Manager */ = {
			isa = PBXGroup;
			children = (
				8C79630B1D1152A100C20A0D /* File Manager */,
				8C396BCF1CFD92BB0096F3E3 /* Application Manager */,
				8C396BC31CFD8F5D0096F3E3 /* IAP Manager */,
				8C396BC41CFD8F5D0096F3E3 /* Location Manager */,
				8C396BC51CFD8F5D0096F3E3 /* Validation Manager */,
			);
			path = Manager;
			sourceTree = "<group>";
		};
		8C396BC31CFD8F5D0096F3E3 /* IAP Manager */ = {
			isa = PBXGroup;
			children = (
				8C396BC61CFD8F800096F3E3 /* IAPManager.h */,
				8C396BC71CFD8F800096F3E3 /* IAPManager.m */,
			);
			path = "IAP Manager";
			sourceTree = "<group>";
		};
		8C396BC41CFD8F5D0096F3E3 /* Location Manager */ = {
			isa = PBXGroup;
			children = (
				8C396BC91CFD8F8F0096F3E3 /* LocationManager.h */,
				8C396BCA1CFD8F8F0096F3E3 /* LocationManager.m */,
			);
			path = "Location Manager";
			sourceTree = "<group>";
		};
		8C396BC51CFD8F5D0096F3E3 /* Validation Manager */ = {
			isa = PBXGroup;
			children = (
				8C396BCC1CFD8F9E0096F3E3 /* ValidationManager.h */,
				8C396BCD1CFD8F9E0096F3E3 /* ValidationManager.m */,
			);
			path = "Validation Manager";
			sourceTree = "<group>";
		};
		8C396BCF1CFD92BB0096F3E3 /* Application Manager */ = {
			isa = PBXGroup;
			children = (
				8C396BD01CFD92CC0096F3E3 /* ApplicationManager.h */,
				8C396BD11CFD92CC0096F3E3 /* ApplicationManager.m */,
			);
			path = "Application Manager";
			sourceTree = "<group>";
		};
		8C5FE50B1D005D7A00A29F8A /* NSArray Helper */ = {
			isa = PBXGroup;
			children = (
				8C5FE50E1D005DB000A29F8A /* NSArray+Helper.h */,
				8C5FE50F1D005DB000A29F8A /* NSArray+Helper.m */,
			);
			path = "NSArray Helper";
			sourceTree = "<group>";
		};
		8C5FE50C1D005D7A00A29F8A /* NSDate Helper */ = {
			isa = PBXGroup;
			children = (
				8C5FE5111D005DB800A29F8A /* NSDate+Helper.h */,
				8C5FE5121D005DB800A29F8A /* NSDate+Helper.m */,
			);
			path = "NSDate Helper";
			sourceTree = "<group>";
		};
		8C5FE50D1D005D7A00A29F8A /* NSMutableDictionary Helper */ = {
			isa = PBXGroup;
			children = (
				8C5FE5141D005DBD00A29F8A /* NSMutableDictionary+Helper.h */,
				8C5FE5151D005DBD00A29F8A /* NSMutableDictionary+Helper.m */,
			);
			path = "NSMutableDictionary Helper";
			sourceTree = "<group>";
		};
		8C79630B1D1152A100C20A0D /* File Manager */ = {
			isa = PBXGroup;
			children = (
				8C79630C1D1152B500C20A0D /* FilesManager.h */,
				8C79630D1D1152B500C20A0D /* FilesManager.m */,
			);
			path = "File Manager";
			sourceTree = "<group>";
		};
/* End PBXGroup section */

/* Begin PBXNativeTarget section */
		324B284F1C3E4E5B00F51149 /* iOS Helper Classes */ = {
			isa = PBXNativeTarget;
			buildConfigurationList = 324B28721C3E4E5B00F51149 /* Build configuration list for PBXNativeTarget "iOS Helper Classes" */;
			buildPhases = (
				324B284C1C3E4E5B00F51149 /* Sources */,
				324B284D1C3E4E5B00F51149 /* Frameworks */,
				324B284E1C3E4E5B00F51149 /* Resources */,
			);
			buildRules = (
			);
			dependencies = (
			);
			name = "iOS Helper Classes";
			productName = "iOS Helper Classes";
			productReference = 324B28501C3E4E5B00F51149 /* iOS Helper Classes.app */;
			productType = "com.apple.product-type.application";
		};
		324B28681C3E4E5B00F51149 /* iOS Helper ClassesTests */ = {
			isa = PBXNativeTarget;
			buildConfigurationList = 324B28751C3E4E5B00F51149 /* Build configuration list for PBXNativeTarget "iOS Helper ClassesTests" */;
			buildPhases = (
				324B28651C3E4E5B00F51149 /* Sources */,
				324B28661C3E4E5B00F51149 /* Frameworks */,
				324B28671C3E4E5B00F51149 /* Resources */,
			);
			buildRules = (
			);
			dependencies = (
				324B286B1C3E4E5B00F51149 /* PBXTargetDependency */,
			);
			name = "iOS Helper ClassesTests";
			productName = "iOS Helper ClassesTests";
			productReference = 324B28691C3E4E5B00F51149 /* iOS Helper ClassesTests.xctest */;
			productType = "com.apple.product-type.bundle.unit-test";
		};
		8CFB97EB1D01446A003D7B67 /* iOSHelperClasses */ = {
			isa = PBXNativeTarget;
			buildConfigurationList = 8CFB97F41D01446A003D7B67 /* Build configuration list for PBXNativeTarget "iOSHelperClasses" */;
			buildPhases = (
				8CFB97E81D01446A003D7B67 /* Sources */,
				8CFB97E91D01446A003D7B67 /* Frameworks */,
				8CFB97EA1D01446A003D7B67 /* CopyFiles */,
			);
			buildRules = (
			);
			dependencies = (
			);
			name = iOSHelperClasses;
			productName = iOSHelperClasses;
			productReference = 8CFB97EC1D01446A003D7B67 /* libiOSHelperClasses.a */;
			productType = "com.apple.product-type.library.static";
		};
/* End PBXNativeTarget section */

/* Begin PBXProject section */
		324B28481C3E4E5B00F51149 /* Project object */ = {
			isa = PBXProject;
			attributes = {
				LastUpgradeCheck = 0720;
				ORGANIZATIONNAME = "Systematix Infotech Pvt. Ltd.";
				TargetAttributes = {
					324B284F1C3E4E5B00F51149 = {
						CreatedOnToolsVersion = 7.2;
						ProvisioningStyle = Manual;
					};
					324B28681C3E4E5B00F51149 = {
						CreatedOnToolsVersion = 7.2;
						TestTargetID = 324B284F1C3E4E5B00F51149;
					};
					8CFB97EB1D01446A003D7B67 = {
						CreatedOnToolsVersion = 7.3;
					};
				};
			};
			buildConfigurationList = 324B284B1C3E4E5B00F51149 /* Build configuration list for PBXProject "iOS Helper Classes" */;
			compatibilityVersion = "Xcode 3.2";
			developmentRegion = English;
			hasScannedForEncodings = 0;
			knownRegions = (
				en,
				Base,
			);
			mainGroup = 324B28471C3E4E5B00F51149;
			productRefGroup = 324B28511C3E4E5B00F51149 /* Products */;
			projectDirPath = "";
			projectRoot = "";
			targets = (
				324B284F1C3E4E5B00F51149 /* iOS Helper Classes */,
				324B28681C3E4E5B00F51149 /* iOS Helper ClassesTests */,
				8CFB97EB1D01446A003D7B67 /* iOSHelperClasses */,
			);
		};
/* End PBXProject section */

/* Begin PBXResourcesBuildPhase section */
		324B284E1C3E4E5B00F51149 /* Resources */ = {
			isa = PBXResourcesBuildPhase;
			buildActionMask = 2147483647;
			files = (
				324B28631C3E4E5B00F51149 /* LaunchScreen.storyboard in Resources */,
				8C7CADCB1D1003DC002E5805 /* ValidationMessages.plist in Resources */,
				324B28601C3E4E5B00F51149 /* Assets.xcassets in Resources */,
				324B285E1C3E4E5B00F51149 /* Main.storyboard in Resources */,
				8C0E686B1D1D025D00168B16 /* ValidationMessages.json in Resources */,
			);
			runOnlyForDeploymentPostprocessing = 0;
		};
		324B28671C3E4E5B00F51149 /* Resources */ = {
			isa = PBXResourcesBuildPhase;
			buildActionMask = 2147483647;
			files = (
			);
			runOnlyForDeploymentPostprocessing = 0;
		};
/* End PBXResourcesBuildPhase section */

/* Begin PBXSourcesBuildPhase section */
		324B284C1C3E4E5B00F51149 /* Sources */ = {
			isa = PBXSourcesBuildPhase;
			buildActionMask = 2147483647;
			files = (
				8C396BC81CFD8F800096F3E3 /* IAPManager.m in Sources */,
				8C79630E1D1152B500C20A0D /* FilesManager.m in Sources */,
				8C396BCB1CFD8F8F0096F3E3 /* LocationManager.m in Sources */,
				8C5FE5161D005DBD00A29F8A /* NSMutableDictionary+Helper.m in Sources */,
				324B285B1C3E4E5B00F51149 /* ViewController.m in Sources */,
				324B28581C3E4E5B00F51149 /* AppDelegate.m in Sources */,
				8C396BCE1CFD8F9E0096F3E3 /* ValidationManager.m in Sources */,
				8C5FE5131D005DB800A29F8A /* NSDate+Helper.m in Sources */,
				8C396BD21CFD92CC0096F3E3 /* ApplicationManager.m in Sources */,
				8C5FE5101D005DB000A29F8A /* NSArray+Helper.m in Sources */,
				324B287F1C3E674500F51149 /* NSData+Base64.m in Sources */,
				8C0E68691D1CFE7200168B16 /* NSDictionary+BVJSONString.m in Sources */,
				324B28551C3E4E5B00F51149 /* main.m in Sources */,
				324B287B1C3E510200F51149 /* NSString+Helper.m in Sources */,
				8C396BD61CFD9A8B0096F3E3 /* ActivityViewController.m in Sources */,
			);
			runOnlyForDeploymentPostprocessing = 0;
		};
		324B28651C3E4E5B00F51149 /* Sources */ = {
			isa = PBXSourcesBuildPhase;
			buildActionMask = 2147483647;
			files = (
				324B286E1C3E4E5B00F51149 /* iOS_Helper_ClassesTests.m in Sources */,
				324B287C1C3E510200F51149 /* NSString+Helper.m in Sources */,
				324B28801C3E674500F51149 /* NSData+Base64.m in Sources */,
			);
			runOnlyForDeploymentPostprocessing = 0;
		};
		8CFB97E81D01446A003D7B67 /* Sources */ = {
			isa = PBXSourcesBuildPhase;
			buildActionMask = 2147483647;
			files = (
				8C0E686D1D1D039C00168B16 /* NSDictionary+BVJSONString.m in Sources */,
				8C7963101D1155B100C20A0D /* FilesManager.m in Sources */,
				8C7CADCD1D1040F4002E5805 /* ApplicationManager.m in Sources */,
				8CFB98451D016C86003D7B67 /* ValidationManager.m in Sources */,
				8CFB98431D016C59003D7B67 /* LocationManager.m in Sources */,
				8CFB98411D0168E6003D7B67 /* IAPManager.m in Sources */,
				8CFB983D1D016850003D7B67 /* NSMutableDictionary+Helper.m in Sources */,
				8CFB983B1D0167B2003D7B67 /* NSDate+Helper.m in Sources */,
				8CFB98391D016797003D7B67 /* NSArray+Helper.m in Sources */,
				8CFB98351D01676F003D7B67 /* NSData+Base64.m in Sources */,
				8CFB98361D01676F003D7B67 /* NSString+Helper.m in Sources */,
			);
			runOnlyForDeploymentPostprocessing = 0;
		};
/* End PBXSourcesBuildPhase section */

/* Begin PBXTargetDependency section */
		324B286B1C3E4E5B00F51149 /* PBXTargetDependency */ = {
			isa = PBXTargetDependency;
			target = 324B284F1C3E4E5B00F51149 /* iOS Helper Classes */;
			targetProxy = 324B286A1C3E4E5B00F51149 /* PBXContainerItemProxy */;
		};
/* End PBXTargetDependency section */

/* Begin PBXVariantGroup section */
		324B285C1C3E4E5B00F51149 /* Main.storyboard */ = {
			isa = PBXVariantGroup;
			children = (
				324B285D1C3E4E5B00F51149 /* Base */,
			);
			name = Main.storyboard;
			sourceTree = "<group>";
		};
		324B28611C3E4E5B00F51149 /* LaunchScreen.storyboard */ = {
			isa = PBXVariantGroup;
			children = (
				324B28621C3E4E5B00F51149 /* Base */,
			);
			name = LaunchScreen.storyboard;
			sourceTree = "<group>";
		};
/* End PBXVariantGroup section */

/* Begin XCBuildConfiguration section */
		324B28701C3E4E5B00F51149 /* Debug */ = {
			isa = XCBuildConfiguration;
			buildSettings = {
				ALWAYS_SEARCH_USER_PATHS = NO;
				CLANG_CXX_LANGUAGE_STANDARD = "gnu++0x";
				CLANG_CXX_LIBRARY = "libc++";
				CLANG_ENABLE_MODULES = YES;
				CLANG_ENABLE_OBJC_ARC = YES;
				CLANG_WARN_BOOL_CONVERSION = YES;
				CLANG_WARN_CONSTANT_CONVERSION = YES;
				CLANG_WARN_DIRECT_OBJC_ISA_USAGE = YES_ERROR;
				CLANG_WARN_EMPTY_BODY = YES;
				CLANG_WARN_ENUM_CONVERSION = YES;
				CLANG_WARN_INT_CONVERSION = YES;
				CLANG_WARN_OBJC_ROOT_CLASS = YES_ERROR;
				CLANG_WARN_UNREACHABLE_CODE = YES;
				CLANG_WARN__DUPLICATE_METHOD_MATCH = YES;
				"CODE_SIGN_IDENTITY[sdk=iphoneos*]" = "iPhone Developer";
				COPY_PHASE_STRIP = NO;
				DEBUG_INFORMATION_FORMAT = dwarf;
				ENABLE_STRICT_OBJC_MSGSEND = YES;
				ENABLE_TESTABILITY = YES;
				GCC_C_LANGUAGE_STANDARD = gnu99;
				GCC_DYNAMIC_NO_PIC = NO;
				GCC_NO_COMMON_BLOCKS = YES;
				GCC_OPTIMIZATION_LEVEL = 0;
				GCC_PREPROCESSOR_DEFINITIONS = (
					"DEBUG=1",
					"$(inherited)",
				);
				GCC_WARN_64_TO_32_BIT_CONVERSION = YES;
				GCC_WARN_ABOUT_RETURN_TYPE = YES_ERROR;
				GCC_WARN_UNDECLARED_SELECTOR = YES;
				GCC_WARN_UNINITIALIZED_AUTOS = YES_AGGRESSIVE;
				GCC_WARN_UNUSED_FUNCTION = YES;
				GCC_WARN_UNUSED_VARIABLE = YES;
				IPHONEOS_DEPLOYMENT_TARGET = 9.2;
				MTL_ENABLE_DEBUG_INFO = YES;
				ONLY_ACTIVE_ARCH = YES;
				SDKROOT = iphoneos;
			};
			name = Debug;
		};
		324B28711C3E4E5B00F51149 /* Release */ = {
			isa = XCBuildConfiguration;
			buildSettings = {
				ALWAYS_SEARCH_USER_PATHS = NO;
				CLANG_CXX_LANGUAGE_STANDARD = "gnu++0x";
				CLANG_CXX_LIBRARY = "libc++";
				CLANG_ENABLE_MODULES = YES;
				CLANG_ENABLE_OBJC_ARC = YES;
				CLANG_WARN_BOOL_CONVERSION = YES;
				CLANG_WARN_CONSTANT_CONVERSION = YES;
				CLANG_WARN_DIRECT_OBJC_ISA_USAGE = YES_ERROR;
				CLANG_WARN_EMPTY_BODY = YES;
				CLANG_WARN_ENUM_CONVERSION = YES;
				CLANG_WARN_INT_CONVERSION = YES;
				CLANG_WARN_OBJC_ROOT_CLASS = YES_ERROR;
				CLANG_WARN_UNREACHABLE_CODE = YES;
				CLANG_WARN__DUPLICATE_METHOD_MATCH = YES;
				"CODE_SIGN_IDENTITY[sdk=iphoneos*]" = "iPhone Developer";
				COPY_PHASE_STRIP = NO;
				DEBUG_INFORMATION_FORMAT = "dwarf-with-dsym";
				ENABLE_NS_ASSERTIONS = NO;
				ENABLE_STRICT_OBJC_MSGSEND = YES;
				GCC_C_LANGUAGE_STANDARD = gnu99;
				GCC_NO_COMMON_BLOCKS = YES;
				GCC_WARN_64_TO_32_BIT_CONVERSION = YES;
				GCC_WARN_ABOUT_RETURN_TYPE = YES_ERROR;
				GCC_WARN_UNDECLARED_SELECTOR = YES;
				GCC_WARN_UNINITIALIZED_AUTOS = YES_AGGRESSIVE;
				GCC_WARN_UNUSED_FUNCTION = YES;
				GCC_WARN_UNUSED_VARIABLE = YES;
				IPHONEOS_DEPLOYMENT_TARGET = 9.2;
				MTL_ENABLE_DEBUG_INFO = NO;
				SDKROOT = iphoneos;
				VALIDATE_PRODUCT = YES;
			};
			name = Release;
		};
		324B28731C3E4E5B00F51149 /* Debug */ = {
			isa = XCBuildConfiguration;
			buildSettings = {
				ASSETCATALOG_COMPILER_APPICON_NAME = AppIcon;
				CODE_SIGN_STYLE = Manual;
				DEVELOPMENT_TEAM = "";
				GCC_PREFIX_HEADER = "iOS Helper Classes/iOS-Helper-Classes.pch";
				INFOPLIST_FILE = "iOS Helper Classes/Info.plist";
				LD_RUNPATH_SEARCH_PATHS = "$(inherited) @executable_path/Frameworks";
				PRODUCT_BUNDLE_IDENTIFIER = "SIPL.iOS-Helper-Classes";
				PRODUCT_NAME = "$(TARGET_NAME)";
				PROVISIONING_PROFILE_SPECIFIER = "";
			};
			name = Debug;
		};
		324B28741C3E4E5B00F51149 /* Release */ = {
			isa = XCBuildConfiguration;
			buildSettings = {
				ASSETCATALOG_COMPILER_APPICON_NAME = AppIcon;
				CODE_SIGN_STYLE = Manual;
				DEVELOPMENT_TEAM = "";
				GCC_PREFIX_HEADER = "iOS Helper Classes/iOS-Helper-Classes.pch";
				INFOPLIST_FILE = "iOS Helper Classes/Info.plist";
				LD_RUNPATH_SEARCH_PATHS = "$(inherited) @executable_path/Frameworks";
				PRODUCT_BUNDLE_IDENTIFIER = "SIPL.iOS-Helper-Classes";
				PRODUCT_NAME = "$(TARGET_NAME)";
				PROVISIONING_PROFILE_SPECIFIER = "";
			};
			name = Release;
		};
		324B28761C3E4E5B00F51149 /* Debug */ = {
			isa = XCBuildConfiguration;
			buildSettings = {
				BUNDLE_LOADER = "$(TEST_HOST)";
				INFOPLIST_FILE = "iOS Helper ClassesTests/Info.plist";
				LD_RUNPATH_SEARCH_PATHS = "$(inherited) @executable_path/Frameworks @loader_path/Frameworks";
				PRODUCT_BUNDLE_IDENTIFIER = "SIPL.iOS-Helper-ClassesTests";
				PRODUCT_NAME = "$(TARGET_NAME)";
				TEST_HOST = "$(BUILT_PRODUCTS_DIR)/iOS Helper Classes.app/iOS Helper Classes";
			};
			name = Debug;
		};
		324B28771C3E4E5B00F51149 /* Release */ = {
			isa = XCBuildConfiguration;
			buildSettings = {
				BUNDLE_LOADER = "$(TEST_HOST)";
				INFOPLIST_FILE = "iOS Helper ClassesTests/Info.plist";
				LD_RUNPATH_SEARCH_PATHS = "$(inherited) @executable_path/Frameworks @loader_path/Frameworks";
				PRODUCT_BUNDLE_IDENTIFIER = "SIPL.iOS-Helper-ClassesTests";
				PRODUCT_NAME = "$(TARGET_NAME)";
				TEST_HOST = "$(BUILT_PRODUCTS_DIR)/iOS Helper Classes.app/iOS Helper Classes";
			};
			name = Release;
		};
		8CFB97F21D01446A003D7B67 /* Debug */ = {
			isa = XCBuildConfiguration;
			buildSettings = {
				CLANG_ANALYZER_NONNULL = YES;
				IPHONEOS_DEPLOYMENT_TARGET = 9.3;
				OTHER_LDFLAGS = "-ObjC";
				PRODUCT_NAME = "$(TARGET_NAME)";
				SKIP_INSTALL = YES;
			};
			name = Debug;
		};
		8CFB97F31D01446A003D7B67 /* Release */ = {
			isa = XCBuildConfiguration;
			buildSettings = {
				CLANG_ANALYZER_NONNULL = YES;
				IPHONEOS_DEPLOYMENT_TARGET = 9.3;
				OTHER_LDFLAGS = "-ObjC";
				PRODUCT_NAME = "$(TARGET_NAME)";
				SKIP_INSTALL = YES;
			};
			name = Release;
		};
/* End XCBuildConfiguration section */

/* Begin XCConfigurationList section */
		324B284B1C3E4E5B00F51149 /* Build configuration list for PBXProject "iOS Helper Classes" */ = {
			isa = XCConfigurationList;
			buildConfigurations = (
				324B28701C3E4E5B00F51149 /* Debug */,
				324B28711C3E4E5B00F51149 /* Release */,
			);
			defaultConfigurationIsVisible = 0;
			defaultConfigurationName = Release;
		};
		324B28721C3E4E5B00F51149 /* Build configuration list for PBXNativeTarget "iOS Helper Classes" */ = {
			isa = XCConfigurationList;
			buildConfigurations = (
				324B28731C3E4E5B00F51149 /* Debug */,
				324B28741C3E4E5B00F51149 /* Release */,
			);
			defaultConfigurationIsVisible = 0;
			defaultConfigurationName = Release;
		};
		324B28751C3E4E5B00F51149 /* Build configuration list for PBXNativeTarget "iOS Helper ClassesTests" */ = {
			isa = XCConfigurationList;
			buildConfigurations = (
				324B28761C3E4E5B00F51149 /* Debug */,
				324B28771C3E4E5B00F51149 /* Release */,
			);
			defaultConfigurationIsVisible = 0;
			defaultConfigurationName = Release;
		};
		8CFB97F41D01446A003D7B67 /* Build configuration list for PBXNativeTarget "iOSHelperClasses" */ = {
			isa = XCConfigurationList;
			buildConfigurations = (
				8CFB97F21D01446A003D7B67 /* Debug */,
				8CFB97F31D01446A003D7B67 /* Release */,
			);
			defaultConfigurationIsVisible = 0;
			defaultConfigurationName = Release;
		};
/* End XCConfigurationList section */
	};
	rootObject = 324B28481C3E4E5B00F51149 /* Project object */;
}
